
Microsoft Visual Studio Solution File, Format Version 12.00
# Visual Studio Version 16
VisualStudioVersion = 16.0.29409.12
MinimumVisualStudioVersion = 10.0.40219.1
Project("{9A19103F-16F7-4668-BE54-9A1E7A4F7556}") = "Logitravel.Promotions.Entities", "Logitravel.Promotions.Entities\Logitravel.Promotions.Entities.csproj", "{03C6BC98-DE46-40E5-89E5-FFDBE591F7DD}"
EndProject
Project("{9A19103F-16F7-4668-BE54-9A1E7A4F7556}") = "Logitravel.Promotions.Repository", "Logitravel.Promotions.Repository\Logitravel.Promotions.Repository.csproj", "{FEFE17BB-7402-49D8-9E66-A8D74F6CBF66}"
EndProject
Project("{9A19103F-16F7-4668-BE54-9A1E7A4F7556}") = "Logitravel.Promotions.Model", "Logitravel.Promotions.Model\Logitravel.Promotions.Model.csproj", "{923A7D12-7A09-4AC6-BC1D-F2123D6268E8}"
EndProject
Project("{9A19103F-16F7-4668-BE54-9A1E7A4F7556}") = "Logitravel.Promotions.Domain", "Logitravel.Promotions.Domain\Logitravel.Promotions.Domain.csproj", "{66830401-1274-49DF-8EDB-549959DB4D74}"
EndProject
Global
	GlobalSection(SolutionConfigurationPlatforms) = preSolution
		Debug|Any CPU = Debug|Any CPU
		Release|Any CPU = Release|Any CPU
	EndGlobalSection
	GlobalSection(ProjectConfigurationPlatforms) = postSolution
		{03C6BC98-DE46-40E5-89E5-FFDBE591F7DD}.Debug|Any CPU.ActiveCfg = Debug|Any CPU
		{03C6BC98-DE46-40E5-89E5-FFDBE591F7DD}.Debug|Any CPU.Build.0 = Debug|Any CPU
		{03C6BC98-DE46-40E5-89E5-FFDBE591F7DD}.Release|Any CPU.ActiveCfg = Release|Any CPU
		{03C6BC98-DE46-40E5-89E5-FFDBE591F7DD}.Release|Any CPU.Build.0 = Release|Any CPU
		{FEFE17BB-7402-49D8-9E66-A8D74F6CBF66}.Debug|Any CPU.ActiveCfg = Debug|Any CPU
		{FEFE17BB-7402-49D8-9E66-A8D74F6CBF66}.Debug|Any CPU.Build.0 = Debug|Any CPU
		{FEFE17BB-7402-49D8-9E66-A8D74F6CBF66}.Release|Any CPU.ActiveCfg = Release|Any CPU
		{FEFE17BB-7402-49D8-9E66-A8D74F6CBF66}.Release|Any CPU.Build.0 = Release|Any CPU
		{923A7D12-7A09-4AC6-BC1D-F2123D6268E8}.Debug|Any CPU.ActiveCfg = Debug|Any CPU
		{923A7D12-7A09-4AC6-BC1D-F2123D6268E8}.Debug|Any CPU.Build.0 = Debug|Any CPU
		{923A7D12-7A09-4AC6-BC1D-F2123D6268E8}.Release|Any CPU.ActiveCfg = Release|Any CPU
		{923A7D12-7A09-4AC6-BC1D-F2123D6268E8}.Release|Any CPU.Build.0 = Release|Any CPU
		{66830401-1274-49DF-8EDB-549959DB4D74}.Debug|Any CPU.ActiveCfg = Debug|Any CPU
		{66830401-1274-49DF-8EDB-549959DB4D74}.Debug|Any CPU.Build.0 = Debug|Any CPU
		{66830401-1274-49DF-8EDB-549959DB4D74}.Release|Any CPU.ActiveCfg = Release|Any CPU
		{66830401-1274-49DF-8EDB-549959DB4D74}.Release|Any CPU.Build.0 = Release|Any CPU
	EndGlobalSection
	GlobalSection(SolutionProperties) = preSolution
		HideSolutionNode = FALSE
	EndGlobalSection
	GlobalSection(ExtensibilityGlobals) = postSolution
		SolutionGuid = {15CA41AD-A534-4A3B-BA8F-4E7F3D69B98A}
	EndGlobalSection
EndGlobal
